// !$*UTF8*$!
{
	archiveVersion = 1;
	classes = {
	};
	objectVersion = 56;
	objects = {

/* Begin PBXBuildFile section */
		DE8651B82AAE44A0002A8189 /* FirstTableViewCell.swift in Sources */ = {isa = PBXBuildFile; fileRef = DE8651B72AAE44A0002A8189 /* FirstTableViewCell.swift */; };
		DE9021B62AA9971000CD53BB /* FirebaseAuth in Frameworks */ = {isa = PBXBuildFile; productRef = DE9021B52AA9971000CD53BB /* FirebaseAuth */; };
		DE9021B82AA9997300CD53BB /* GoogleService-Info.plist in Resources */ = {isa = PBXBuildFile; fileRef = DE9021B72AA9997300CD53BB /* GoogleService-Info.plist */; };
		DE9021BC2AA9C09500CD53BB /* RegisterViewModel.swift in Sources */ = {isa = PBXBuildFile; fileRef = DE9021BB2AA9C09500CD53BB /* RegisterViewModel.swift */; };
		DE9021BF2AA9C18200CD53BB /* RegisterVC.swift in Sources */ = {isa = PBXBuildFile; fileRef = DE9021BE2AA9C18200CD53BB /* RegisterVC.swift */; };
		DE9021C12AA9C18F00CD53BB /* RegisterVC.storyboard in Resources */ = {isa = PBXBuildFile; fileRef = DE9021C02AA9C18F00CD53BB /* RegisterVC.storyboard */; };
		DE9D6C8D2AAAF8B9005C7D14 /* ProfilePageVC.swift in Sources */ = {isa = PBXBuildFile; fileRef = DE9D6C8C2AAAF8B9005C7D14 /* ProfilePageVC.swift */; };
		DE9D6C8F2AAAF8F0005C7D14 /* FavoritePageVC.swift in Sources */ = {isa = PBXBuildFile; fileRef = DE9D6C8E2AAAF8F0005C7D14 /* FavoritePageVC.swift */; };
		DE9D6C912AAAF91E005C7D14 /* ProfilePageVC.storyboard in Resources */ = {isa = PBXBuildFile; fileRef = DE9D6C902AAAF91E005C7D14 /* ProfilePageVC.storyboard */; };
		DE9D6C932AAAF950005C7D14 /* FavoritePageVC.storyboard in Resources */ = {isa = PBXBuildFile; fileRef = DE9D6C922AAAF950005C7D14 /* FavoritePageVC.storyboard */; };
		DEABAA002AA871B30082DADB /* AppDelegate.swift in Sources */ = {isa = PBXBuildFile; fileRef = DEABA9FF2AA871B30082DADB /* AppDelegate.swift */; };
		DEABAA022AA871B30082DADB /* SceneDelegate.swift in Sources */ = {isa = PBXBuildFile; fileRef = DEABAA012AA871B30082DADB /* SceneDelegate.swift */; };
		DEABAA092AA871B40082DADB /* Assets.xcassets in Resources */ = {isa = PBXBuildFile; fileRef = DEABAA082AA871B40082DADB /* Assets.xcassets */; };
		DEABAA0C2AA871B40082DADB /* LaunchScreen.storyboard in Resources */ = {isa = PBXBuildFile; fileRef = DEABAA0A2AA871B40082DADB /* LaunchScreen.storyboard */; };
		DEABAA172AA8724C0082DADB /* OnboardingVC.storyboard in Resources */ = {isa = PBXBuildFile; fileRef = DEABAA162AA8724C0082DADB /* OnboardingVC.storyboard */; };
		DEABAA192AA8725C0082DADB /* OnboardingVC.swift in Sources */ = {isa = PBXBuildFile; fileRef = DEABAA182AA8725C0082DADB /* OnboardingVC.swift */; };
		DEABAA1B2AA872770082DADB /* OnboardingCollectionViewCell.swift in Sources */ = {isa = PBXBuildFile; fileRef = DEABAA1A2AA872770082DADB /* OnboardingCollectionViewCell.swift */; };
		DEABAA1D2AA872850082DADB /* HomePageVC.swift in Sources */ = {isa = PBXBuildFile; fileRef = DEABAA1C2AA872850082DADB /* HomePageVC.swift */; };
		DEABAA222AA8732D0082DADB /* OnboardingSlide.swift in Sources */ = {isa = PBXBuildFile; fileRef = DEABAA212AA8732D0082DADB /* OnboardingSlide.swift */; };
		DEABAA252AA87BB80082DADB /* UserDefaults+Extension.swift in Sources */ = {isa = PBXBuildFile; fileRef = DEABAA242AA87BB80082DADB /* UserDefaults+Extension.swift */; };
		DEABAA272AA892AF0082DADB /* HomePageVC.storyboard in Resources */ = {isa = PBXBuildFile; fileRef = DEABAA262AA892AF0082DADB /* HomePageVC.storyboard */; };
		DEB91C452AA9FA5B00C359FF /* LoginVC.swift in Sources */ = {isa = PBXBuildFile; fileRef = DEB91C442AA9FA5B00C359FF /* LoginVC.swift */; };
		DEB91C472AA9FA6900C359FF /* LoginVC.storyboard in Resources */ = {isa = PBXBuildFile; fileRef = DEB91C462AA9FA6900C359FF /* LoginVC.storyboard */; };
		DEB91C492AAA05C300C359FF /* UIView+Extension.swift in Sources */ = {isa = PBXBuildFile; fileRef = DEB91C482AAA05C300C359FF /* UIView+Extension.swift */; };
		DEB91C4B2AAA128B00C359FF /* LoginViewModel.swift in Sources */ = {isa = PBXBuildFile; fileRef = DEB91C4A2AAA128B00C359FF /* LoginViewModel.swift */; };
		DEBA502D2AAEDC92005EAE29 /* HomeCollectionViewCell.swift in Sources */ = {isa = PBXBuildFile; fileRef = DEBA502C2AAEDC92005EAE29 /* HomeCollectionViewCell.swift */; };
		DEBA502F2AAEDD11005EAE29 /* SecondTableViewCell.swift in Sources */ = {isa = PBXBuildFile; fileRef = DEBA502E2AAEDD11005EAE29 /* SecondTableViewCell.swift */; };
		DEBA50322AAEF079005EAE29 /* CollectionViewBox.xib in Resources */ = {isa = PBXBuildFile; fileRef = DEBA50312AAEF079005EAE29 /* CollectionViewBox.xib */; };
		DEBA50342AAEF8B8005EAE29 /* CollectionViewBox.swift in Sources */ = {isa = PBXBuildFile; fileRef = DEBA50332AAEF8B8005EAE29 /* CollectionViewBox.swift */; };
		DEBA50362AAEFCDE005EAE29 /* TableViewCellBox.xib in Resources */ = {isa = PBXBuildFile; fileRef = DEBA50352AAEFCDE005EAE29 /* TableViewCellBox.xib */; };
		DEBA50382AAEFCF5005EAE29 /* TableViewCellBox.swift in Sources */ = {isa = PBXBuildFile; fileRef = DEBA50372AAEFCF5005EAE29 /* TableViewCellBox.swift */; };
/* End PBXBuildFile section */

/* Begin PBXFileReference section */
		DE8651B72AAE44A0002A8189 /* FirstTableViewCell.swift */ = {isa = PBXFileReference; lastKnownFileType = sourcecode.swift; path = FirstTableViewCell.swift; sourceTree = "<group>"; };
		DE9021B72AA9997300CD53BB /* GoogleService-Info.plist */ = {isa = PBXFileReference; fileEncoding = 4; lastKnownFileType = text.plist.xml; path = "GoogleService-Info.plist"; sourceTree = "<group>"; };
		DE9021BB2AA9C09500CD53BB /* RegisterViewModel.swift */ = {isa = PBXFileReference; lastKnownFileType = sourcecode.swift; path = RegisterViewModel.swift; sourceTree = "<group>"; };
		DE9021BE2AA9C18200CD53BB /* RegisterVC.swift */ = {isa = PBXFileReference; lastKnownFileType = sourcecode.swift; path = RegisterVC.swift; sourceTree = "<group>"; };
		DE9021C02AA9C18F00CD53BB /* RegisterVC.storyboard */ = {isa = PBXFileReference; lastKnownFileType = file.storyboard; path = RegisterVC.storyboard; sourceTree = "<group>"; };
		DE9D6C8C2AAAF8B9005C7D14 /* ProfilePageVC.swift */ = {isa = PBXFileReference; lastKnownFileType = sourcecode.swift; path = ProfilePageVC.swift; sourceTree = "<group>"; };
		DE9D6C8E2AAAF8F0005C7D14 /* FavoritePageVC.swift */ = {isa = PBXFileReference; lastKnownFileType = sourcecode.swift; path = FavoritePageVC.swift; sourceTree = "<group>"; };
		DE9D6C902AAAF91E005C7D14 /* ProfilePageVC.storyboard */ = {isa = PBXFileReference; lastKnownFileType = file.storyboard; path = ProfilePageVC.storyboard; sourceTree = "<group>"; };
		DE9D6C922AAAF950005C7D14 /* FavoritePageVC.storyboard */ = {isa = PBXFileReference; lastKnownFileType = file.storyboard; path = FavoritePageVC.storyboard; sourceTree = "<group>"; };
		DEABA9FC2AA871B30082DADB /* NewsApp.app */ = {isa = PBXFileReference; explicitFileType = wrapper.application; includeInIndex = 0; path = NewsApp.app; sourceTree = BUILT_PRODUCTS_DIR; };
		DEABA9FF2AA871B30082DADB /* AppDelegate.swift */ = {isa = PBXFileReference; lastKnownFileType = sourcecode.swift; path = AppDelegate.swift; sourceTree = "<group>"; };
		DEABAA012AA871B30082DADB /* SceneDelegate.swift */ = {isa = PBXFileReference; lastKnownFileType = sourcecode.swift; path = SceneDelegate.swift; sourceTree = "<group>"; };
		DEABAA082AA871B40082DADB /* Assets.xcassets */ = {isa = PBXFileReference; lastKnownFileType = folder.assetcatalog; path = Assets.xcassets; sourceTree = "<group>"; };
		DEABAA0B2AA871B40082DADB /* Base */ = {isa = PBXFileReference; lastKnownFileType = file.storyboard; name = Base; path = Base.lproj/LaunchScreen.storyboard; sourceTree = "<group>"; };
		DEABAA0D2AA871B40082DADB /* Info.plist */ = {isa = PBXFileReference; lastKnownFileType = text.plist.xml; path = Info.plist; sourceTree = "<group>"; };
		DEABAA162AA8724C0082DADB /* OnboardingVC.storyboard */ = {isa = PBXFileReference; lastKnownFileType = file.storyboard; path = OnboardingVC.storyboard; sourceTree = "<group>"; };
		DEABAA182AA8725C0082DADB /* OnboardingVC.swift */ = {isa = PBXFileReference; lastKnownFileType = sourcecode.swift; path = OnboardingVC.swift; sourceTree = "<group>"; };
		DEABAA1A2AA872770082DADB /* OnboardingCollectionViewCell.swift */ = {isa = PBXFileReference; lastKnownFileType = sourcecode.swift; path = OnboardingCollectionViewCell.swift; sourceTree = "<group>"; };
		DEABAA1C2AA872850082DADB /* HomePageVC.swift */ = {isa = PBXFileReference; lastKnownFileType = sourcecode.swift; path = HomePageVC.swift; sourceTree = "<group>"; };
		DEABAA212AA8732D0082DADB /* OnboardingSlide.swift */ = {isa = PBXFileReference; lastKnownFileType = sourcecode.swift; path = OnboardingSlide.swift; sourceTree = "<group>"; };
		DEABAA242AA87BB80082DADB /* UserDefaults+Extension.swift */ = {isa = PBXFileReference; lastKnownFileType = sourcecode.swift; path = "UserDefaults+Extension.swift"; sourceTree = "<group>"; };
		DEABAA262AA892AF0082DADB /* HomePageVC.storyboard */ = {isa = PBXFileReference; lastKnownFileType = file.storyboard; path = HomePageVC.storyboard; sourceTree = "<group>"; };
		DEB91C442AA9FA5B00C359FF /* LoginVC.swift */ = {isa = PBXFileReference; lastKnownFileType = sourcecode.swift; path = LoginVC.swift; sourceTree = "<group>"; };
		DEB91C462AA9FA6900C359FF /* LoginVC.storyboard */ = {isa = PBXFileReference; lastKnownFileType = file.storyboard; path = LoginVC.storyboard; sourceTree = "<group>"; };
		DEB91C482AAA05C300C359FF /* UIView+Extension.swift */ = {isa = PBXFileReference; lastKnownFileType = sourcecode.swift; path = "UIView+Extension.swift"; sourceTree = "<group>"; };
		DEB91C4A2AAA128B00C359FF /* LoginViewModel.swift */ = {isa = PBXFileReference; lastKnownFileType = sourcecode.swift; path = LoginViewModel.swift; sourceTree = "<group>"; };
		DEBA502C2AAEDC92005EAE29 /* HomeCollectionViewCell.swift */ = {isa = PBXFileReference; lastKnownFileType = sourcecode.swift; path = HomeCollectionViewCell.swift; sourceTree = "<group>"; };
		DEBA502E2AAEDD11005EAE29 /* SecondTableViewCell.swift */ = {isa = PBXFileReference; lastKnownFileType = sourcecode.swift; path = SecondTableViewCell.swift; sourceTree = "<group>"; };
		DEBA50312AAEF079005EAE29 /* CollectionViewBox.xib */ = {isa = PBXFileReference; lastKnownFileType = file.xib; path = CollectionViewBox.xib; sourceTree = "<group>"; };
		DEBA50332AAEF8B8005EAE29 /* CollectionViewBox.swift */ = {isa = PBXFileReference; lastKnownFileType = sourcecode.swift; path = CollectionViewBox.swift; sourceTree = "<group>"; };
		DEBA50352AAEFCDE005EAE29 /* TableViewCellBox.xib */ = {isa = PBXFileReference; lastKnownFileType = file.xib; path = TableViewCellBox.xib; sourceTree = "<group>"; };
		DEBA50372AAEFCF5005EAE29 /* TableViewCellBox.swift */ = {isa = PBXFileReference; lastKnownFileType = sourcecode.swift; path = TableViewCellBox.swift; sourceTree = "<group>"; };
/* End PBXFileReference section */

/* Begin PBXFrameworksBuildPhase section */
		DEABA9F92AA871B30082DADB /* Frameworks */ = {
			isa = PBXFrameworksBuildPhase;
			buildActionMask = 2147483647;
			files = (
				DE9021B62AA9971000CD53BB /* FirebaseAuth in Frameworks */,
			);
			runOnlyForDeploymentPostprocessing = 0;
		};
/* End PBXFrameworksBuildPhase section */

/* Begin PBXGroup section */
		DE8651B62AAE4436002A8189 /* Cells */ = {
			isa = PBXGroup;
			children = (
				DE8651B72AAE44A0002A8189 /* FirstTableViewCell.swift */,
				DEBA502C2AAEDC92005EAE29 /* HomeCollectionViewCell.swift */,
				DEBA502E2AAEDD11005EAE29 /* SecondTableViewCell.swift */,
			);
			path = Cells;
			sourceTree = "<group>";
		};
		DE8651B92AAE46C3002A8189 /* Resources */ = {
			isa = PBXGroup;
			children = (
				DEABAA082AA871B40082DADB /* Assets.xcassets */,
				DEABA9FF2AA871B30082DADB /* AppDelegate.swift */,
				DEABAA012AA871B30082DADB /* SceneDelegate.swift */,
			);
			path = Resources;
			sourceTree = "<group>";
		};
		DE9021B92AA9C04900CD53BB /* ViewModels */ = {
			isa = PBXGroup;
			children = (
				DE9021BB2AA9C09500CD53BB /* RegisterViewModel.swift */,
				DEB91C4A2AAA128B00C359FF /* LoginViewModel.swift */,
			);
			path = ViewModels;
			sourceTree = "<group>";
		};
		DE9021BD2AA9C16900CD53BB /* Register */ = {
			isa = PBXGroup;
			children = (
				DE9021BE2AA9C18200CD53BB /* RegisterVC.swift */,
				DE9021C02AA9C18F00CD53BB /* RegisterVC.storyboard */,
			);
			path = Register;
			sourceTree = "<group>";
		};
		DE9D6C8A2AAAF89B005C7D14 /* Favorite */ = {
			isa = PBXGroup;
			children = (
				DE9D6C8E2AAAF8F0005C7D14 /* FavoritePageVC.swift */,
				DE9D6C922AAAF950005C7D14 /* FavoritePageVC.storyboard */,
			);
			path = Favorite;
			sourceTree = "<group>";
		};
		DE9D6C8B2AAAF8A4005C7D14 /* Profile */ = {
			isa = PBXGroup;
			children = (
				DE9D6C8C2AAAF8B9005C7D14 /* ProfilePageVC.swift */,
				DE9D6C902AAAF91E005C7D14 /* ProfilePageVC.storyboard */,
			);
			path = Profile;
			sourceTree = "<group>";
		};
		DEABA9F32AA871B30082DADB = {
			isa = PBXGroup;
			children = (
				DEABA9FE2AA871B30082DADB /* NewsApp */,
				DEABA9FD2AA871B30082DADB /* Products */,
			);
			sourceTree = "<group>";
		};
		DEABA9FD2AA871B30082DADB /* Products */ = {
			isa = PBXGroup;
			children = (
				DEABA9FC2AA871B30082DADB /* NewsApp.app */,
			);
			name = Products;
			sourceTree = "<group>";
		};
		DEABA9FE2AA871B30082DADB /* NewsApp */ = {
			isa = PBXGroup;
			children = (
				DE9021B92AA9C04900CD53BB /* ViewModels */,
				DEABAA232AA87B970082DADB /* Extensions */,
				DEABAA202AA873190082DADB /* Models */,
				DEABAA132AA871EF0082DADB /* Views */,
				DE8651B92AAE46C3002A8189 /* Resources */,
				DEABAA0A2AA871B40082DADB /* LaunchScreen.storyboard */,
				DEABAA0D2AA871B40082DADB /* Info.plist */,
				DE9021B72AA9997300CD53BB /* GoogleService-Info.plist */,
			);
			path = NewsApp;
			sourceTree = "<group>";
		};
		DEABAA132AA871EF0082DADB /* Views */ = {
			isa = PBXGroup;
			children = (
				DE9D6C8B2AAAF8A4005C7D14 /* Profile */,
				DE9D6C8A2AAAF89B005C7D14 /* Favorite */,
				DEB91C432AA9FA4900C359FF /* Login */,
				DE9021BD2AA9C16900CD53BB /* Register */,
				DEABAA152AA872040082DADB /* Home */,
				DEABAA142AA871FB0082DADB /* Onboarding */,
			);
			path = Views;
			sourceTree = "<group>";
		};
		DEABAA142AA871FB0082DADB /* Onboarding */ = {
			isa = PBXGroup;
			children = (
				DEABAA162AA8724C0082DADB /* OnboardingVC.storyboard */,
				DEABAA182AA8725C0082DADB /* OnboardingVC.swift */,
				DEABAA1A2AA872770082DADB /* OnboardingCollectionViewCell.swift */,
			);
			path = Onboarding;
			sourceTree = "<group>";
		};
		DEABAA152AA872040082DADB /* Home */ = {
			isa = PBXGroup;
			children = (
				DEBA50302AAEF030005EAE29 /* Box */,
				DE8651B62AAE4436002A8189 /* Cells */,
				DEABAA1C2AA872850082DADB /* HomePageVC.swift */,
				DEABAA262AA892AF0082DADB /* HomePageVC.storyboard */,
			);
			path = Home;
			sourceTree = "<group>";
		};
		DEABAA202AA873190082DADB /* Models */ = {
			isa = PBXGroup;
			children = (
				DEABAA212AA8732D0082DADB /* OnboardingSlide.swift */,
			);
			path = Models;
			sourceTree = "<group>";
		};
		DEABAA232AA87B970082DADB /* Extensions */ = {
			isa = PBXGroup;
			children = (
				DEABAA242AA87BB80082DADB /* UserDefaults+Extension.swift */,
				DEB91C482AAA05C300C359FF /* UIView+Extension.swift */,
			);
			path = Extensions;
			sourceTree = "<group>";
		};
		DEB91C432AA9FA4900C359FF /* Login */ = {
			isa = PBXGroup;
			children = (
				DEB91C442AA9FA5B00C359FF /* LoginVC.swift */,
				DEB91C462AA9FA6900C359FF /* LoginVC.storyboard */,
			);
			path = Login;
			sourceTree = "<group>";
		};
		DEBA50302AAEF030005EAE29 /* Box */ = {
			isa = PBXGroup;
			children = (
				DEBA50312AAEF079005EAE29 /* CollectionViewBox.xib */,
				DEBA50332AAEF8B8005EAE29 /* CollectionViewBox.swift */,
				DEBA50352AAEFCDE005EAE29 /* TableViewCellBox.xib */,
				DEBA50372AAEFCF5005EAE29 /* TableViewCellBox.swift */,
			);
			path = Box;
			sourceTree = "<group>";
		};
/* End PBXGroup section */

/* Begin PBXNativeTarget section */
		DEABA9FB2AA871B30082DADB /* NewsApp */ = {
			isa = PBXNativeTarget;
			buildConfigurationList = DEABAA102AA871B40082DADB /* Build configuration list for PBXNativeTarget "NewsApp" */;
			buildPhases = (
				DEABA9F82AA871B30082DADB /* Sources */,
				DEABA9F92AA871B30082DADB /* Frameworks */,
				DEABA9FA2AA871B30082DADB /* Resources */,
			);
			buildRules = (
			);
			dependencies = (
			);
			name = NewsApp;
			packageProductDependencies = (
				DE9021B52AA9971000CD53BB /* FirebaseAuth */,
			);
			productName = NewsApp;
			productReference = DEABA9FC2AA871B30082DADB /* NewsApp.app */;
			productType = "com.apple.product-type.application";
		};
/* End PBXNativeTarget section */

/* Begin PBXProject section */
		DEABA9F42AA871B30082DADB /* Project object */ = {
			isa = PBXProject;
			attributes = {
				BuildIndependentTargetsInParallel = 1;
				LastSwiftUpdateCheck = 1420;
				LastUpgradeCheck = 1420;
				TargetAttributes = {
					DEABA9FB2AA871B30082DADB = {
						CreatedOnToolsVersion = 14.2;
					};
				};
			};
			buildConfigurationList = DEABA9F72AA871B30082DADB /* Build configuration list for PBXProject "NewsApp" */;
			compatibilityVersion = "Xcode 14.0";
			developmentRegion = en;
			hasScannedForEncodings = 0;
			knownRegions = (
				en,
				Base,
			);
			mainGroup = DEABA9F32AA871B30082DADB;
			packageReferences = (
				DE9021B42AA9971000CD53BB /* XCRemoteSwiftPackageReference "firebase-ios-sdk" */,
			);
			productRefGroup = DEABA9FD2AA871B30082DADB /* Products */;
			projectDirPath = "";
			projectRoot = "";
			targets = (
				DEABA9FB2AA871B30082DADB /* NewsApp */,
			);
		};
/* End PBXProject section */

/* Begin PBXResourcesBuildPhase section */
		DEABA9FA2AA871B30082DADB /* Resources */ = {
			isa = PBXResourcesBuildPhase;
			buildActionMask = 2147483647;
			files = (
				DE9021C12AA9C18F00CD53BB /* RegisterVC.storyboard in Resources */,
				DE9D6C932AAAF950005C7D14 /* FavoritePageVC.storyboard in Resources */,
				DEABAA0C2AA871B40082DADB /* LaunchScreen.storyboard in Resources */,
				DEABAA172AA8724C0082DADB /* OnboardingVC.storyboard in Resources */,
				DEBA50362AAEFCDE005EAE29 /* TableViewCellBox.xib in Resources */,
				DE9021B82AA9997300CD53BB /* GoogleService-Info.plist in Resources */,
				DEB91C472AA9FA6900C359FF /* LoginVC.storyboard in Resources */,
				DEBA50322AAEF079005EAE29 /* CollectionViewBox.xib in Resources */,
				DEABAA092AA871B40082DADB /* Assets.xcassets in Resources */,
				DE9D6C912AAAF91E005C7D14 /* ProfilePageVC.storyboard in Resources */,
				DEABAA272AA892AF0082DADB /* HomePageVC.storyboard in Resources */,
			);
			runOnlyForDeploymentPostprocessing = 0;
		};
/* End PBXResourcesBuildPhase section */

/* Begin PBXSourcesBuildPhase section */
		DEABA9F82AA871B30082DADB /* Sources */ = {
			isa = PBXSourcesBuildPhase;
			buildActionMask = 2147483647;
			files = (
				DEB91C492AAA05C300C359FF /* UIView+Extension.swift in Sources */,
				DEABAA1D2AA872850082DADB /* HomePageVC.swift in Sources */,
				DEABAA002AA871B30082DADB /* AppDelegate.swift in Sources */,
				DEABAA192AA8725C0082DADB /* OnboardingVC.swift in Sources */,
				DEBA50382AAEFCF5005EAE29 /* TableViewCellBox.swift in Sources */,
				DEBA50342AAEF8B8005EAE29 /* CollectionViewBox.swift in Sources */,
				DE9D6C8D2AAAF8B9005C7D14 /* ProfilePageVC.swift in Sources */,
				DE9021BC2AA9C09500CD53BB /* RegisterViewModel.swift in Sources */,
				DE8651B82AAE44A0002A8189 /* FirstTableViewCell.swift in Sources */,
				DEBA502D2AAEDC92005EAE29 /* HomeCollectionViewCell.swift in Sources */,
				DEB91C452AA9FA5B00C359FF /* LoginVC.swift in Sources */,
				DEABAA022AA871B30082DADB /* SceneDelegate.swift in Sources */,
				DEABAA222AA8732D0082DADB /* OnboardingSlide.swift in Sources */,
				DEBA502F2AAEDD11005EAE29 /* SecondTableViewCell.swift in Sources */,
				DEB91C4B2AAA128B00C359FF /* LoginViewModel.swift in Sources */,
				DE9021BF2AA9C18200CD53BB /* RegisterVC.swift in Sources */,
				DE9D6C8F2AAAF8F0005C7D14 /* FavoritePageVC.swift in Sources */,
				DEABAA1B2AA872770082DADB /* OnboardingCollectionViewCell.swift in Sources */,
				DEABAA252AA87BB80082DADB /* UserDefaults+Extension.swift in Sources */,
			);
			runOnlyForDeploymentPostprocessing = 0;
		};
/* End PBXSourcesBuildPhase section */

/* Begin PBXVariantGroup section */
		DEABAA0A2AA871B40082DADB /* LaunchScreen.storyboard */ = {
			isa = PBXVariantGroup;
			children = (
				DEABAA0B2AA871B40082DADB /* Base */,
			);
			name = LaunchScreen.storyboard;
			sourceTree = "<group>";
		};
/* End PBXVariantGroup section */

/* Begin XCBuildConfiguration section */
		DEABAA0E2AA871B40082DADB /* Debug */ = {
			isa = XCBuildConfiguration;
			buildSettings = {
				ALWAYS_SEARCH_USER_PATHS = NO;
				CLANG_ANALYZER_NONNULL = YES;
				CLANG_ANALYZER_NUMBER_OBJECT_CONVERSION = YES_AGGRESSIVE;
				CLANG_CXX_LANGUAGE_STANDARD = "gnu++20";
				CLANG_ENABLE_MODULES = YES;
				CLANG_ENABLE_OBJC_ARC = YES;
				CLANG_ENABLE_OBJC_WEAK = YES;
				CLANG_WARN_BLOCK_CAPTURE_AUTORELEASING = YES;
				CLANG_WARN_BOOL_CONVERSION = YES;
				CLANG_WARN_COMMA = YES;
				CLANG_WARN_CONSTANT_CONVERSION = YES;
				CLANG_WARN_DEPRECATED_OBJC_IMPLEMENTATIONS = YES;
				CLANG_WARN_DIRECT_OBJC_ISA_USAGE = YES_ERROR;
				CLANG_WARN_DOCUMENTATION_COMMENTS = YES;
				CLANG_WARN_EMPTY_BODY = YES;
				CLANG_WARN_ENUM_CONVERSION = YES;
				CLANG_WARN_INFINITE_RECURSION = YES;
				CLANG_WARN_INT_CONVERSION = YES;
				CLANG_WARN_NON_LITERAL_NULL_CONVERSION = YES;
				CLANG_WARN_OBJC_IMPLICIT_RETAIN_SELF = YES;
				CLANG_WARN_OBJC_LITERAL_CONVERSION = YES;
				CLANG_WARN_OBJC_ROOT_CLASS = YES_ERROR;
				CLANG_WARN_QUOTED_INCLUDE_IN_FRAMEWORK_HEADER = YES;
				CLANG_WARN_RANGE_LOOP_ANALYSIS = YES;
				CLANG_WARN_STRICT_PROTOTYPES = YES;
				CLANG_WARN_SUSPICIOUS_MOVE = YES;
				CLANG_WARN_UNGUARDED_AVAILABILITY = YES_AGGRESSIVE;
				CLANG_WARN_UNREACHABLE_CODE = YES;
				CLANG_WARN__DUPLICATE_METHOD_MATCH = YES;
				COPY_PHASE_STRIP = NO;
				DEBUG_INFORMATION_FORMAT = dwarf;
				ENABLE_STRICT_OBJC_MSGSEND = YES;
				ENABLE_TESTABILITY = YES;
				GCC_C_LANGUAGE_STANDARD = gnu11;
				GCC_DYNAMIC_NO_PIC = NO;
				GCC_NO_COMMON_BLOCKS = YES;
				GCC_OPTIMIZATION_LEVEL = 0;
				GCC_PREPROCESSOR_DEFINITIONS = (
					"DEBUG=1",
					"$(inherited)",
				);
				GCC_WARN_64_TO_32_BIT_CONVERSION = YES;
				GCC_WARN_ABOUT_RETURN_TYPE = YES_ERROR;
				GCC_WARN_UNDECLARED_SELECTOR = YES;
				GCC_WARN_UNINITIALIZED_AUTOS = YES_AGGRESSIVE;
				GCC_WARN_UNUSED_FUNCTION = YES;
				GCC_WARN_UNUSED_VARIABLE = YES;
				IPHONEOS_DEPLOYMENT_TARGET = 16.2;
				MTL_ENABLE_DEBUG_INFO = INCLUDE_SOURCE;
				MTL_FAST_MATH = YES;
				ONLY_ACTIVE_ARCH = YES;
				SDKROOT = iphoneos;
				SWIFT_ACTIVE_COMPILATION_CONDITIONS = DEBUG;
				SWIFT_OPTIMIZATION_LEVEL = "-Onone";
			};
			name = Debug;
		};
		DEABAA0F2AA871B40082DADB /* Release */ = {
			isa = XCBuildConfiguration;
			buildSettings = {
				ALWAYS_SEARCH_USER_PATHS = NO;
				CLANG_ANALYZER_NONNULL = YES;
				CLANG_ANALYZER_NUMBER_OBJECT_CONVERSION = YES_AGGRESSIVE;
				CLANG_CXX_LANGUAGE_STANDARD = "gnu++20";
				CLANG_ENABLE_MODULES = YES;
				CLANG_ENABLE_OBJC_ARC = YES;
				CLANG_ENABLE_OBJC_WEAK = YES;
				CLANG_WARN_BLOCK_CAPTURE_AUTORELEASING = YES;
				CLANG_WARN_BOOL_CONVERSION = YES;
				CLANG_WARN_COMMA = YES;
				CLANG_WARN_CONSTANT_CONVERSION = YES;
				CLANG_WARN_DEPRECATED_OBJC_IMPLEMENTATIONS = YES;
				CLANG_WARN_DIRECT_OBJC_ISA_USAGE = YES_ERROR;
				CLANG_WARN_DOCUMENTATION_COMMENTS = YES;
				CLANG_WARN_EMPTY_BODY = YES;
				CLANG_WARN_ENUM_CONVERSION = YES;
				CLANG_WARN_INFINITE_RECURSION = YES;
				CLANG_WARN_INT_CONVERSION = YES;
				CLANG_WARN_NON_LITERAL_NULL_CONVERSION = YES;
				CLANG_WARN_OBJC_IMPLICIT_RETAIN_SELF = YES;
				CLANG_WARN_OBJC_LITERAL_CONVERSION = YES;
				CLANG_WARN_OBJC_ROOT_CLASS = YES_ERROR;
				CLANG_WARN_QUOTED_INCLUDE_IN_FRAMEWORK_HEADER = YES;
				CLANG_WARN_RANGE_LOOP_ANALYSIS = YES;
				CLANG_WARN_STRICT_PROTOTYPES = YES;
				CLANG_WARN_SUSPICIOUS_MOVE = YES;
				CLANG_WARN_UNGUARDED_AVAILABILITY = YES_AGGRESSIVE;
				CLANG_WARN_UNREACHABLE_CODE = YES;
				CLANG_WARN__DUPLICATE_METHOD_MATCH = YES;
				COPY_PHASE_STRIP = NO;
				DEBUG_INFORMATION_FORMAT = "dwarf-with-dsym";
				ENABLE_NS_ASSERTIONS = NO;
				ENABLE_STRICT_OBJC_MSGSEND = YES;
				GCC_C_LANGUAGE_STANDARD = gnu11;
				GCC_NO_COMMON_BLOCKS = YES;
				GCC_WARN_64_TO_32_BIT_CONVERSION = YES;
				GCC_WARN_ABOUT_RETURN_TYPE = YES_ERROR;
				GCC_WARN_UNDECLARED_SELECTOR = YES;
				GCC_WARN_UNINITIALIZED_AUTOS = YES_AGGRESSIVE;
				GCC_WARN_UNUSED_FUNCTION = YES;
				GCC_WARN_UNUSED_VARIABLE = YES;
				IPHONEOS_DEPLOYMENT_TARGET = 16.2;
				MTL_ENABLE_DEBUG_INFO = NO;
				MTL_FAST_MATH = YES;
				SDKROOT = iphoneos;
				SWIFT_COMPILATION_MODE = wholemodule;
				SWIFT_OPTIMIZATION_LEVEL = "-O";
				VALIDATE_PRODUCT = YES;
			};
			name = Release;
		};
		DEABAA112AA871B40082DADB /* Debug */ = {
			isa = XCBuildConfiguration;
			buildSettings = {
				ASSETCATALOG_COMPILER_APPICON_NAME = AppIcon;
				ASSETCATALOG_COMPILER_GLOBAL_ACCENT_COLOR_NAME = AccentColor;
				CODE_SIGN_STYLE = Automatic;
				CURRENT_PROJECT_VERSION = 1;
				DEVELOPMENT_TEAM = 782789T7J2;
				GENERATE_INFOPLIST_FILE = YES;
				INFOPLIST_FILE = NewsApp/Info.plist;
				INFOPLIST_KEY_UIApplicationSupportsIndirectInputEvents = YES;
				INFOPLIST_KEY_UILaunchStoryboardName = "";
				INFOPLIST_KEY_UISupportedInterfaceOrientations_iPad = "UIInterfaceOrientationPortrait UIInterfaceOrientationPortraitUpsideDown UIInterfaceOrientationLandscapeLeft UIInterfaceOrientationLandscapeRight";
				INFOPLIST_KEY_UISupportedInterfaceOrientations_iPhone = "UIInterfaceOrientationPortrait UIInterfaceOrientationLandscapeLeft UIInterfaceOrientationLandscapeRight";
				LD_RUNPATH_SEARCH_PATHS = (
					"$(inherited)",
					"@executable_path/Frameworks",
				);
				MARKETING_VERSION = 1.0;
				PRODUCT_BUNDLE_IDENTIFIER = com.ecemakcay.NewsApp;
				PRODUCT_NAME = "$(TARGET_NAME)";
				SWIFT_EMIT_LOC_STRINGS = YES;
				SWIFT_VERSION = 5.0;
				TARGETED_DEVICE_FAMILY = "1,2";
			};
			name = Debug;
		};
		DEABAA122AA871B40082DADB /* Release */ = {
			isa = XCBuildConfiguration;
			buildSettings = {
				ASSETCATALOG_COMPILER_APPICON_NAME = AppIcon;
				ASSETCATALOG_COMPILER_GLOBAL_ACCENT_COLOR_NAME = AccentColor;
				CODE_SIGN_STYLE = Automatic;
				CURRENT_PROJECT_VERSION = 1;
				DEVELOPMENT_TEAM = 782789T7J2;
				GENERATE_INFOPLIST_FILE = YES;
				INFOPLIST_FILE = NewsApp/Info.plist;
				INFOPLIST_KEY_UIApplicationSupportsIndirectInputEvents = YES;
				INFOPLIST_KEY_UILaunchStoryboardName = "";
				INFOPLIST_KEY_UISupportedInterfaceOrientations_iPad = "UIInterfaceOrientationPortrait UIInterfaceOrientationPortraitUpsideDown UIInterfaceOrientationLandscapeLeft UIInterfaceOrientationLandscapeRight";
				INFOPLIST_KEY_UISupportedInterfaceOrientations_iPhone = "UIInterfaceOrientationPortrait UIInterfaceOrientationLandscapeLeft UIInterfaceOrientationLandscapeRight";
				LD_RUNPATH_SEARCH_PATHS = (
					"$(inherited)",
					"@executable_path/Frameworks",
				);
				MARKETING_VERSION = 1.0;
				PRODUCT_BUNDLE_IDENTIFIER = com.ecemakcay.NewsApp;
				PRODUCT_NAME = "$(TARGET_NAME)";
				SWIFT_EMIT_LOC_STRINGS = YES;
				SWIFT_VERSION = 5.0;
				TARGETED_DEVICE_FAMILY = "1,2";
			};
			name = Release;
		};
/* End XCBuildConfiguration section */

/* Begin XCConfigurationList section */
		DEABA9F72AA871B30082DADB /* Build configuration list for PBXProject "NewsApp" */ = {
			isa = XCConfigurationList;
			buildConfigurations = (
				DEABAA0E2AA871B40082DADB /* Debug */,
				DEABAA0F2AA871B40082DADB /* Release */,
			);
			defaultConfigurationIsVisible = 0;
			defaultConfigurationName = Release;
		};
		DEABAA102AA871B40082DADB /* Build configuration list for PBXNativeTarget "NewsApp" */ = {
			isa = XCConfigurationList;
			buildConfigurations = (
				DEABAA112AA871B40082DADB /* Debug */,
				DEABAA122AA871B40082DADB /* Release */,
			);
			defaultConfigurationIsVisible = 0;
			defaultConfigurationName = Release;
		};
/* End XCConfigurationList section */

/* Begin XCRemoteSwiftPackageReference section */
		DE9021B42AA9971000CD53BB /* XCRemoteSwiftPackageReference "firebase-ios-sdk" */ = {
			isa = XCRemoteSwiftPackageReference;
			repositoryURL = "https://github.com/firebase/firebase-ios-sdk.git";
			requirement = {
				kind = upToNextMajorVersion;
				minimumVersion = 9.0.0;
			};
		};
/* End XCRemoteSwiftPackageReference section */

/* Begin XCSwiftPackageProductDependency section */
		DE9021B52AA9971000CD53BB /* FirebaseAuth */ = {
			isa = XCSwiftPackageProductDependency;
			package = DE9021B42AA9971000CD53BB /* XCRemoteSwiftPackageReference "firebase-ios-sdk" */;
			productName = FirebaseAuth;
		};
/* End XCSwiftPackageProductDependency section */
	};
	rootObject = DEABA9F42AA871B30082DADB /* Project object */;
}
